
Microsoft Visual Studio Solution File, Format Version 12.00
# Visual Studio Version 17
VisualStudioVersion = 17.5.002.0
MinimumVisualStudioVersion = 10.0.40219.1
Project("{9A19103F-16F7-4668-BE54-9A1E7A4F7556}") = "NewInsyProject", "NewInsyProject.csproj", "{01626C8F-9625-4CA9-9028-EF2BFCF0C2DB}"
EndProject
Global
	GlobalSection(SolutionConfigurationPlatforms) = preSolution
		Debug|Any CPU = Debug|Any CPU
		Release|Any CPU = Release|Any CPU
	EndGlobalSection
	GlobalSection(ProjectConfigurationPlatforms) = postSolution
		{01626C8F-9625-4CA9-9028-EF2BFCF0C2DB}.Debug|Any CPU.ActiveCfg = Debug|Any CPU
		{01626C8F-9625-4CA9-9028-EF2BFCF0C2DB}.Debug|Any CPU.Build.0 = Debug|Any CPU
		{01626C8F-9625-4CA9-9028-EF2BFCF0C2DB}.Release|Any CPU.ActiveCfg = Release|Any CPU
		{01626C8F-9625-4CA9-9028-EF2BFCF0C2DB}.Release|Any CPU.Build.0 = Release|Any CPU
	EndGlobalSection
	GlobalSection(SolutionProperties) = preSolution
		HideSolutionNode = FALSE
	EndGlobalSection
	GlobalSection(ExtensibilityGlobals) = postSolution
		SolutionGuid = {AC51C319-2791-4307-86C2-F60A7CC32DD9}
	EndGlobalSection
EndGlobal
